
Microsoft Visual Studio Solution File, Format Version 12.00
# Visual Studio Version 16
VisualStudioVersion = 16.0.29728.190
MinimumVisualStudioVersion = 10.0.40219.1
Project("{FAE04EC0-301F-11D3-BF4B-00C04F79EFBC}") = "HeliStat", "HeliStat\HeliStat.csproj", "{06B99E60-C278-40E6-AFD7-C623EDB0554C}"
EndProject
Global
	GlobalSection(SolutionConfigurationPlatforms) = preSolution
		Debug|Any CPU = Debug|Any CPU
		Debug|x86 = Debug|x86
		Release|Any CPU = Release|Any CPU
		Release|x86 = Release|x86
	EndGlobalSection
	GlobalSection(ProjectConfigurationPlatforms) = postSolution
		{06B99E60-C278-40E6-AFD7-C623EDB0554C}.Debug|Any CPU.ActiveCfg = Debug|Any CPU
		{06B99E60-C278-40E6-AFD7-C623EDB0554C}.Debug|Any CPU.Build.0 = Debug|Any CPU
		{06B99E60-C278-40E6-AFD7-C623EDB0554C}.Debug|x86.ActiveCfg = Debug|Any CPU
		{06B99E60-C278-40E6-AFD7-C623EDB0554C}.Debug|x86.Build.0 = Debug|Any CPU
		{06B99E60-C278-40E6-AFD7-C623EDB0554C}.Release|Any CPU.ActiveCfg = Release|Any CPU
		{06B99E60-C278-40E6-AFD7-C623EDB0554C}.Release|Any CPU.Build.0 = Release|Any CPU
		{06B99E60-C278-40E6-AFD7-C623EDB0554C}.Release|x86.ActiveCfg = Release|Any CPU
		{06B99E60-C278-40E6-AFD7-C623EDB0554C}.Release|x86.Build.0 = Release|Any CPU
	EndGlobalSection
	GlobalSection(SolutionProperties) = preSolution
		HideSolutionNode = FALSE
	EndGlobalSection
	GlobalSection(ExtensibilityGlobals) = postSolution
		SolutionGuid = {94D7E8FB-7424-4978-A2F2-628515CF57FC}
	EndGlobalSection
EndGlobal
